// !$*UTF8*$!
{
	archiveVersion = 1;
	classes = {
	};
	objectVersion = 46;
	objects = {

/* Begin PBXBuildFile section */
		22A4B2461F2F3DDC001EA58C /* AppDelegate.swift in Sources */ = {isa = PBXBuildFile; fileRef = 22A4B2451F2F3DDC001EA58C /* AppDelegate.swift */; };
		22A4B2481F2F3DDC001EA58C /* ViewController.swift in Sources */ = {isa = PBXBuildFile; fileRef = 22A4B2471F2F3DDC001EA58C /* ViewController.swift */; };
		22A4B24B1F2F3DDC001EA58C /* Main.storyboard in Resources */ = {isa = PBXBuildFile; fileRef = 22A4B2491F2F3DDC001EA58C /* Main.storyboard */; };
		22A4B24D1F2F3DDC001EA58C /* Assets.xcassets in Resources */ = {isa = PBXBuildFile; fileRef = 22A4B24C1F2F3DDC001EA58C /* Assets.xcassets */; };
		22A4B2501F2F3DDC001EA58C /* LaunchScreen.storyboard in Resources */ = {isa = PBXBuildFile; fileRef = 22A4B24E1F2F3DDC001EA58C /* LaunchScreen.storyboard */; };
		22A4B2581F2F4D17001EA58C /* BeaconTable.swift in Sources */ = {isa = PBXBuildFile; fileRef = 22A4B2571F2F4D17001EA58C /* BeaconTable.swift */; };
		22A4B25C1F2F4DA0001EA58C /* BeaconCellTableViewCell.swift in Sources */ = {isa = PBXBuildFile; fileRef = 22A4B25B1F2F4DA0001EA58C /* BeaconCellTableViewCell.swift */; };
/* End PBXBuildFile section */

/* Begin PBXFileReference section */
		22A4B2421F2F3DDC001EA58C /* ble-beacon-scan.app */ = {isa = PBXFileReference; explicitFileType = wrapper.application; includeInIndex = 0; path = "ble-beacon-scan.app"; sourceTree = BUILT_PRODUCTS_DIR; };
		22A4B2451F2F3DDC001EA58C /* AppDelegate.swift */ = {isa = PBXFileReference; lastKnownFileType = sourcecode.swift; path = AppDelegate.swift; sourceTree = "<group>"; };
		22A4B2471F2F3DDC001EA58C /* ViewController.swift */ = {isa = PBXFileReference; lastKnownFileType = sourcecode.swift; path = ViewController.swift; sourceTree = "<group>"; };
		22A4B24A1F2F3DDC001EA58C /* Base */ = {isa = PBXFileReference; lastKnownFileType = file.storyboard; name = Base; path = Base.lproj/Main.storyboard; sourceTree = "<group>"; };
		22A4B24C1F2F3DDC001EA58C /* Assets.xcassets */ = {isa = PBXFileReference; lastKnownFileType = folder.assetcatalog; path = Assets.xcassets; sourceTree = "<group>"; };
		22A4B24F1F2F3DDC001EA58C /* Base */ = {isa = PBXFileReference; lastKnownFileType = file.storyboard; name = Base; path = Base.lproj/LaunchScreen.storyboard; sourceTree = "<group>"; };
		22A4B2511F2F3DDC001EA58C /* Info.plist */ = {isa = PBXFileReference; lastKnownFileType = text.plist.xml; path = Info.plist; sourceTree = "<group>"; };
		22A4B2571F2F4D17001EA58C /* BeaconTable.swift */ = {isa = PBXFileReference; fileEncoding = 4; lastKnownFileType = sourcecode.swift; path = BeaconTable.swift; sourceTree = "<group>"; };
		22A4B25B1F2F4DA0001EA58C /* BeaconCellTableViewCell.swift */ = {isa = PBXFileReference; fileEncoding = 4; lastKnownFileType = sourcecode.swift; path = BeaconCellTableViewCell.swift; sourceTree = "<group>"; };
/* End PBXFileReference section */

/* Begin PBXFrameworksBuildPhase section */
		22A4B23F1F2F3DDC001EA58C /* Frameworks */ = {
			isa = PBXFrameworksBuildPhase;
			buildActionMask = 2147483647;
			files = (
			);
			runOnlyForDeploymentPostprocessing = 0;
		};
/* End PBXFrameworksBuildPhase section */

/* Begin PBXGroup section */
		22A4B2391F2F3DDC001EA58C = {
			isa = PBXGroup;
			children = (
				22A4B2441F2F3DDC001EA58C /* ble-beacon-scan */,
				22A4B2431F2F3DDC001EA58C /* Products */,
			);
			sourceTree = "<group>";
		};
		22A4B2431F2F3DDC001EA58C /* Products */ = {
			isa = PBXGroup;
			children = (
				22A4B2421F2F3DDC001EA58C /* ble-beacon-scan.app */,
			);
			name = Products;
			sourceTree = "<group>";
		};
		22A4B2441F2F3DDC001EA58C /* ble-beacon-scan */ = {
			isa = PBXGroup;
			children = (
				22A4B2451F2F3DDC001EA58C /* AppDelegate.swift */,
				22A4B2471F2F3DDC001EA58C /* ViewController.swift */,
				22A4B2491F2F3DDC001EA58C /* Main.storyboard */,
				22A4B24C1F2F3DDC001EA58C /* Assets.xcassets */,
				22A4B24E1F2F3DDC001EA58C /* LaunchScreen.storyboard */,
				22A4B2511F2F3DDC001EA58C /* Info.plist */,
				22A4B2571F2F4D17001EA58C /* BeaconTable.swift */,
				22A4B25B1F2F4DA0001EA58C /* BeaconCellTableViewCell.swift */,
			);
			path = "ble-beacon-scan";
			sourceTree = "<group>";
		};
/* End PBXGroup section */

/* Begin PBXNativeTarget section */
		22A4B2411F2F3DDC001EA58C /* ble-beacon-scan */ = {
			isa = PBXNativeTarget;
			buildConfigurationList = 22A4B2541F2F3DDC001EA58C /* Build configuration list for PBXNativeTarget "ble-beacon-scan" */;
			buildPhases = (
				22A4B23E1F2F3DDC001EA58C /* Sources */,
				22A4B23F1F2F3DDC001EA58C /* Frameworks */,
				22A4B2401F2F3DDC001EA58C /* Resources */,
			);
			buildRules = (
			);
			dependencies = (
			);
			name = "ble-beacon-scan";
			productName = "ble-beacon-scan";
			productReference = 22A4B2421F2F3DDC001EA58C /* ble-beacon-scan.app */;
			productType = "com.apple.product-type.application";
		};
/* End PBXNativeTarget section */

/* Begin PBXProject section */
		22A4B23A1F2F3DDC001EA58C /* Project object */ = {
			isa = PBXProject;
			attributes = {
				LastSwiftUpdateCheck = 0830;
				LastUpgradeCheck = 0830;
				ORGANIZATIONNAME = "Kerstin Blumenstein";
				TargetAttributes = {
					22A4B2411F2F3DDC001EA58C = {
						CreatedOnToolsVersion = 8.3.2;
						DevelopmentTeam = ZCQ554RK9U;
						ProvisioningStyle = Automatic;
					};
				};
			};
			buildConfigurationList = 22A4B23D1F2F3DDC001EA58C /* Build configuration list for PBXProject "ble-beacon-scan" */;
			compatibilityVersion = "Xcode 3.2";
			developmentRegion = English;
			hasScannedForEncodings = 0;
			knownRegions = (
				en,
				Base,
			);
			mainGroup = 22A4B2391F2F3DDC001EA58C;
			productRefGroup = 22A4B2431F2F3DDC001EA58C /* Products */;
			projectDirPath = "";
			projectRoot = "";
			targets = (
				22A4B2411F2F3DDC001EA58C /* ble-beacon-scan */,
			);
		};
/* End PBXProject section */

/* Begin PBXResourcesBuildPhase section */
		22A4B2401F2F3DDC001EA58C /* Resources */ = {
			isa = PBXResourcesBuildPhase;
			buildActionMask = 2147483647;
			files = (
				22A4B2501F2F3DDC001EA58C /* LaunchScreen.storyboard in Resources */,
				22A4B24D1F2F3DDC001EA58C /* Assets.xcassets in Resources */,
				22A4B24B1F2F3DDC001EA58C /* Main.storyboard in Resources */,
			);
			runOnlyForDeploymentPostprocessing = 0;
		};
/* End PBXResourcesBuildPhase section */

/* Begin PBXSourcesBuildPhase section */
		22A4B23E1F2F3DDC001EA58C /* Sources */ = {
			isa = PBXSourcesBuildPhase;
			buildActionMask = 2147483647;
			files = (
				22A4B25C1F2F4DA0001EA58C /* BeaconCellTableViewCell.swift in Sources */,
				22A4B2481F2F3DDC001EA58C /* ViewController.swift in Sources */,
				22A4B2461F2F3DDC001EA58C /* AppDelegate.swift in Sources */,
				22A4B2581F2F4D17001EA58C /* BeaconTable.swift in Sources */,
			);
			runOnlyForDeploymentPostprocessing = 0;
		};
/* End PBXSourcesBuildPhase section */

/* Begin PBXVariantGroup section */
		22A4B2491F2F3DDC001EA58C /* Main.storyboard */ = {
			isa = PBXVariantGroup;
			children = (
				22A4B24A1F2F3DDC001EA58C /* Base */,
			);
			name = Main.storyboard;
			sourceTree = "<group>";
		};
		22A4B24E1F2F3DDC001EA58C /* LaunchScreen.storyboard */ = {
			isa = PBXVariantGroup;
			children = (
				22A4B24F1F2F3DDC001EA58C /* Base */,
			);
			name = LaunchScreen.storyboard;
			sourceTree = "<group>";
		};
/* End PBXVariantGroup section */

/* Begin XCBuildConfiguration section */
		22A4B2521F2F3DDC001EA58C /* Debug */ = {
			isa = XCBuildConfiguration;
			buildSettings = {
				ALWAYS_SEARCH_USER_PATHS = NO;
				CLANG_ANALYZER_NONNULL = YES;
				CLANG_ANALYZER_NUMBER_OBJECT_CONVERSION = YES_AGGRESSIVE;
				CLANG_CXX_LANGUAGE_STANDARD = "gnu++0x";
				CLANG_CXX_LIBRARY = "libc++";
				CLANG_ENABLE_MODULES = YES;
				CLANG_ENABLE_OBJC_ARC = YES;
				CLANG_WARN_BOOL_CONVERSION = YES;
				CLANG_WARN_CONSTANT_CONVERSION = YES;
				CLANG_WARN_DIRECT_OBJC_ISA_USAGE = YES_ERROR;
				CLANG_WARN_DOCUMENTATION_COMMENTS = YES;
				CLANG_WARN_EMPTY_BODY = YES;
				CLANG_WARN_ENUM_CONVERSION = YES;
				CLANG_WARN_INFINITE_RECURSION = YES;
				CLANG_WARN_INT_CONVERSION = YES;
				CLANG_WARN_OBJC_ROOT_CLASS = YES_ERROR;
				CLANG_WARN_SUSPICIOUS_MOVE = YES;
				CLANG_WARN_UNREACHABLE_CODE = YES;
				CLANG_WARN__DUPLICATE_METHOD_MATCH = YES;
				"CODE_SIGN_IDENTITY[sdk=iphoneos*]" = "iPhone Developer";
				COPY_PHASE_STRIP = NO;
				DEBUG_INFORMATION_FORMAT = dwarf;
				ENABLE_STRICT_OBJC_MSGSEND = YES;
				ENABLE_TESTABILITY = YES;
				GCC_C_LANGUAGE_STANDARD = gnu99;
				GCC_DYNAMIC_NO_PIC = NO;
				GCC_NO_COMMON_BLOCKS = YES;
				GCC_OPTIMIZATION_LEVEL = 0;
				GCC_PREPROCESSOR_DEFINITIONS = (
					"DEBUG=1",
					"$(inherited)",
				);
				GCC_WARN_64_TO_32_BIT_CONVERSION = YES;
				GCC_WARN_ABOUT_RETURN_TYPE = YES_ERROR;
				GCC_WARN_UNDECLARED_SELECTOR = YES;
				GCC_WARN_UNINITIALIZED_AUTOS = YES_AGGRESSIVE;
				GCC_WARN_UNUSED_FUNCTION = YES;
				GCC_WARN_UNUSED_VARIABLE = YES;
				IPHONEOS_DEPLOYMENT_TARGET = 10.3;
				MTL_ENABLE_DEBUG_INFO = YES;
				ONLY_ACTIVE_ARCH = YES;
				SDKROOT = iphoneos;
				SWIFT_ACTIVE_COMPILATION_CONDITIONS = DEBUG;
				SWIFT_OPTIMIZATION_LEVEL = "-Onone";
				TARGETED_DEVICE_FAMILY = "1,2";
			};
			name = Debug;
		};
		22A4B2531F2F3DDC001EA58C /* Release */ = {
			isa = XCBuildConfiguration;
			buildSettings = {
				ALWAYS_SEARCH_USER_PATHS = NO;
				CLANG_ANALYZER_NONNULL = YES;
				CLANG_ANALYZER_NUMBER_OBJECT_CONVERSION = YES_AGGRESSIVE;
				CLANG_CXX_LANGUAGE_STANDARD = "gnu++0x";
				CLANG_CXX_LIBRARY = "libc++";
				CLANG_ENABLE_MODULES = YES;
				CLANG_ENABLE_OBJC_ARC = YES;
				CLANG_WARN_BOOL_CONVERSION = YES;
				CLANG_WARN_CONSTANT_CONVERSION = YES;
				CLANG_WARN_DIRECT_OBJC_ISA_USAGE = YES_ERROR;
				CLANG_WARN_DOCUMENTATION_COMMENTS = YES;
				CLANG_WARN_EMPTY_BODY = YES;
				CLANG_WARN_ENUM_CONVERSION = YES;
				CLANG_WARN_INFINITE_RECURSION = YES;
				CLANG_WARN_INT_CONVERSION = YES;
				CLANG_WARN_OBJC_ROOT_CLASS = YES_ERROR;
				CLANG_WARN_SUSPICIOUS_MOVE = YES;
				CLANG_WARN_UNREACHABLE_CODE = YES;
				CLANG_WARN__DUPLICATE_METHOD_MATCH = YES;
				"CODE_SIGN_IDENTITY[sdk=iphoneos*]" = "iPhone Developer";
				COPY_PHASE_STRIP = NO;
				DEBUG_INFORMATION_FORMAT = "dwarf-with-dsym";
				ENABLE_NS_ASSERTIONS = NO;
				ENABLE_STRICT_OBJC_MSGSEND = YES;
				GCC_C_LANGUAGE_STANDARD = gnu99;
				GCC_NO_COMMON_BLOCKS = YES;
				GCC_WARN_64_TO_32_BIT_CONVERSION = YES;
				GCC_WARN_ABOUT_RETURN_TYPE = YES_ERROR;
				GCC_WARN_UNDECLARED_SELECTOR = YES;
				GCC_WARN_UNINITIALIZED_AUTOS = YES_AGGRESSIVE;
				GCC_WARN_UNUSED_FUNCTION = YES;
				GCC_WARN_UNUSED_VARIABLE = YES;
				IPHONEOS_DEPLOYMENT_TARGET = 10.3;
				MTL_ENABLE_DEBUG_INFO = NO;
				SDKROOT = iphoneos;
				SWIFT_OPTIMIZATION_LEVEL = "-Owholemodule";
				TARGETED_DEVICE_FAMILY = "1,2";
				VALIDATE_PRODUCT = YES;
			};
			name = Release;
		};
		22A4B2551F2F3DDC001EA58C /* Debug */ = {
			isa = XCBuildConfiguration;
			buildSettings = {
				ASSETCATALOG_COMPILER_APPICON_NAME = AppIcon;
				DEVELOPMENT_TEAM = ZCQ554RK9U;
				INFOPLIST_FILE = "ble-beacon-scan/Info.plist";
				LD_RUNPATH_SEARCH_PATHS = "$(inherited) @executable_path/Frameworks";
				PRODUCT_BUNDLE_IDENTIFIER = "at.ac.meeteux.ble-beacon-scan";
				PRODUCT_NAME = "$(TARGET_NAME)";
				SWIFT_VERSION = 3.0;
			};
			name = Debug;
		};
		22A4B2561F2F3DDC001EA58C /* Release */ = {
			isa = XCBuildConfiguration;
			buildSettings = {
				ASSETCATALOG_COMPILER_APPICON_NAME = AppIcon;
				DEVELOPMENT_TEAM = ZCQ554RK9U;
				INFOPLIST_FILE = "ble-beacon-scan/Info.plist";
				LD_RUNPATH_SEARCH_PATHS = "$(inherited) @executable_path/Frameworks";
				PRODUCT_BUNDLE_IDENTIFIER = "at.ac.meeteux.ble-beacon-scan";
				PRODUCT_NAME = "$(TARGET_NAME)";
				SWIFT_VERSION = 3.0;
			};
			name = Release;
		};
/* End XCBuildConfiguration section */

/* Begin XCConfigurationList section */
		22A4B23D1F2F3DDC001EA58C /* Build configuration list for PBXProject "ble-beacon-scan" */ = {
			isa = XCConfigurationList;
			buildConfigurations = (
				22A4B2521F2F3DDC001EA58C /* Debug */,
				22A4B2531F2F3DDC001EA58C /* Release */,
			);
			defaultConfigurationIsVisible = 0;
			defaultConfigurationName = Release;
		};
		22A4B2541F2F3DDC001EA58C /* Build configuration list for PBXNativeTarget "ble-beacon-scan" */ = {
			isa = XCConfigurationList;
			buildConfigurations = (
				22A4B2551F2F3DDC001EA58C /* Debug */,
				22A4B2561F2F3DDC001EA58C /* Release */,
			);
			defaultConfigurationIsVisible = 0;
		};
/* End XCConfigurationList section */
	};
	rootObject = 22A4B23A1F2F3DDC001EA58C /* Project object */;
}
